
Microsoft Visual Studio Solution File, Format Version 12.00
# Visual Studio Version 17
VisualStudioVersion = 17.14.36429.23 d17.14
MinimumVisualStudioVersion = 10.0.40219.1
Project("{FAE04EC0-301F-11D3-BF4B-00C04F79EFBC}") = "NguyenMinhHung_2001230322_Bai9", "NguyenMinhHung_2001230322_Bai9.csproj", "{30581949-9775-48FB-9260-BBE02F9505BB}"
EndProject
Global
	GlobalSection(SolutionConfigurationPlatforms) = preSolution
		Debug|Any CPU = Debug|Any CPU
		Release|Any CPU = Release|Any CPU
	EndGlobalSection
	GlobalSection(ProjectConfigurationPlatforms) = postSolution
		{30581949-9775-48FB-9260-BBE02F9505BB}.Debug|Any CPU.ActiveCfg = Debug|Any CPU
		{30581949-9775-48FB-9260-BBE02F9505BB}.Debug|Any CPU.Build.0 = Debug|Any CPU
		{30581949-9775-48FB-9260-BBE02F9505BB}.Release|Any CPU.ActiveCfg = Release|Any CPU
		{30581949-9775-48FB-9260-BBE02F9505BB}.Release|Any CPU.Build.0 = Release|Any CPU
	EndGlobalSection
	GlobalSection(SolutionProperties) = preSolution
		HideSolutionNode = FALSE
	EndGlobalSection
	GlobalSection(ExtensibilityGlobals) = postSolution
		SolutionGuid = {12B49E21-3772-4D9D-8939-D42C6FB87294}
	EndGlobalSection
EndGlobal
